
Microsoft Visual Studio Solution File, Format Version 12.00
# Visual Studio Version 17
VisualStudioVersion = 17.11.35303.130
MinimumVisualStudioVersion = 10.0.40219.1
Project("{8BC9CEB8-8B4A-11D0-8D11-00A0C91BC942}") = "shared", "Server\shared\shared.vcxproj", "{C2FEB024-8E46-4533-918B-7196CAAA4E7D}"
EndProject
Project("{2150E333-8FDC-42A3-9474-1A3956D46DE8}") = "deps", "deps", "{9D5EEECB-6F40-493E-9D35-58BE18DF0690}"
EndProject
Project("{8BC9CEB8-8B4A-11D0-8D11-00A0C91BC942}") = "Aujard", "Server\Aujard\Aujard.vcxproj", "{C564AC8F-ADF8-4B90-B8CD-0834F7DB144B}"
EndProject
Project("{8BC9CEB8-8B4A-11D0-8D11-00A0C91BC942}") = "Server", "Server\GameServer\Server.vcxproj", "{023CD26D-5809-4716-A245-B1E146C6E7FE}"
	ProjectSection(ProjectDependencies) = postProject
		{C2FEB024-8E46-4533-918B-7196CAAA4E7D} = {C2FEB024-8E46-4533-918B-7196CAAA4E7D}
	EndProjectSection
EndProject
Project("{8BC9CEB8-8B4A-11D0-8D11-00A0C91BC942}") = "Ebenezer", "Server\Ebenezer\Ebenezer.vcxproj", "{64439624-B2DF-4550-9C52-67E61B8EC0EF}"
	ProjectSection(ProjectDependencies) = postProject
		{C2FEB024-8E46-4533-918B-7196CAAA4E7D} = {C2FEB024-8E46-4533-918B-7196CAAA4E7D}
	EndProjectSection
EndProject
Project("{8BC9CEB8-8B4A-11D0-8D11-00A0C91BC942}") = "VersionManager", "Server\LogInServer\VersionManager.vcxproj", "{D5FAD895-323C-4BE1-A066-3E70BB8C2BB4}"
	ProjectSection(ProjectDependencies) = postProject
		{13A14615-88C2-4935-91D3-80630C13B091} = {13A14615-88C2-4935-91D3-80630C13B091}
	EndProjectSection
EndProject
Project("{8BC9CEB8-8B4A-11D0-8D11-00A0C91BC942}") = "Zip", "Server\LogInServer\Zip.vcxproj", "{13A14615-88C2-4935-91D3-80630C13B091}"
EndProject
Global
	GlobalSection(SolutionConfigurationPlatforms) = preSolution
		Debug|Win32 = Debug|Win32
		Release|Win32 = Release|Win32
	EndGlobalSection
	GlobalSection(ProjectConfigurationPlatforms) = postSolution
		{C2FEB024-8E46-4533-918B-7196CAAA4E7D}.Debug|Win32.ActiveCfg = Debug|Win32
		{C2FEB024-8E46-4533-918B-7196CAAA4E7D}.Debug|Win32.Build.0 = Debug|Win32
		{C2FEB024-8E46-4533-918B-7196CAAA4E7D}.Release|Win32.ActiveCfg = Release|Win32
		{C2FEB024-8E46-4533-918B-7196CAAA4E7D}.Release|Win32.Build.0 = Release|Win32
		{C564AC8F-ADF8-4B90-B8CD-0834F7DB144B}.Debug|Win32.ActiveCfg = Debug|Win32
		{C564AC8F-ADF8-4B90-B8CD-0834F7DB144B}.Debug|Win32.Build.0 = Debug|Win32
		{C564AC8F-ADF8-4B90-B8CD-0834F7DB144B}.Release|Win32.ActiveCfg = Release|Win32
		{C564AC8F-ADF8-4B90-B8CD-0834F7DB144B}.Release|Win32.Build.0 = Release|Win32
		{023CD26D-5809-4716-A245-B1E146C6E7FE}.Debug|Win32.ActiveCfg = Debug|Win32
		{023CD26D-5809-4716-A245-B1E146C6E7FE}.Debug|Win32.Build.0 = Debug|Win32
		{023CD26D-5809-4716-A245-B1E146C6E7FE}.Release|Win32.ActiveCfg = Release|Win32
		{023CD26D-5809-4716-A245-B1E146C6E7FE}.Release|Win32.Build.0 = Release|Win32
		{64439624-B2DF-4550-9C52-67E61B8EC0EF}.Debug|Win32.ActiveCfg = Debug|Win32
		{64439624-B2DF-4550-9C52-67E61B8EC0EF}.Debug|Win32.Build.0 = Debug|Win32
		{64439624-B2DF-4550-9C52-67E61B8EC0EF}.Release|Win32.ActiveCfg = Release|Win32
		{64439624-B2DF-4550-9C52-67E61B8EC0EF}.Release|Win32.Build.0 = Release|Win32
		{D5FAD895-323C-4BE1-A066-3E70BB8C2BB4}.Debug|Win32.ActiveCfg = Debug|Win32
		{D5FAD895-323C-4BE1-A066-3E70BB8C2BB4}.Debug|Win32.Build.0 = Debug|Win32
		{D5FAD895-323C-4BE1-A066-3E70BB8C2BB4}.Release|Win32.ActiveCfg = Release|Win32
		{D5FAD895-323C-4BE1-A066-3E70BB8C2BB4}.Release|Win32.Build.0 = Release|Win32
		{13A14615-88C2-4935-91D3-80630C13B091}.Debug|Win32.ActiveCfg = Debug|Win32
		{13A14615-88C2-4935-91D3-80630C13B091}.Debug|Win32.Build.0 = Debug|Win32
		{13A14615-88C2-4935-91D3-80630C13B091}.Release|Win32.ActiveCfg = Release|Win32
		{13A14615-88C2-4935-91D3-80630C13B091}.Release|Win32.Build.0 = Release|Win32
	EndGlobalSection
	GlobalSection(SolutionProperties) = preSolution
		HideSolutionNode = FALSE
	EndGlobalSection
	GlobalSection(NestedProjects) = preSolution
		{C2FEB024-8E46-4533-918B-7196CAAA4E7D} = {9D5EEECB-6F40-493E-9D35-58BE18DF0690}
		{13A14615-88C2-4935-91D3-80630C13B091} = {9D5EEECB-6F40-493E-9D35-58BE18DF0690}
	EndGlobalSection
	GlobalSection(ExtensibilityGlobals) = postSolution
		SolutionGuid = {023E6273-2767-4477-85B6-B02DF66FB3DB}
	EndGlobalSection
EndGlobal
